// !$*UTF8*$!
{
	archiveVersion = 1;
	classes = {
	};
	objectVersion = 55;
	objects = {

/* Begin PBXBuildFile section */
		F1EA28FC27EA496100587CC1 /* AppDelegate.swift in Sources */ = {isa = PBXBuildFile; fileRef = F1EA28FB27EA496100587CC1 /* AppDelegate.swift */; };
		F1EA28FE27EA496100587CC1 /* SceneDelegate.swift in Sources */ = {isa = PBXBuildFile; fileRef = F1EA28FD27EA496100587CC1 /* SceneDelegate.swift */; };
		F1EA290027EA496100587CC1 /* ViewController.swift in Sources */ = {isa = PBXBuildFile; fileRef = F1EA28FF27EA496100587CC1 /* ViewController.swift */; };
		F1EA290327EA496100587CC1 /* Main.storyboard in Resources */ = {isa = PBXBuildFile; fileRef = F1EA290127EA496100587CC1 /* Main.storyboard */; };
		F1EA290527EA496300587CC1 /* Assets.xcassets in Resources */ = {isa = PBXBuildFile; fileRef = F1EA290427EA496300587CC1 /* Assets.xcassets */; };
		F1EA290827EA496300587CC1 /* LaunchScreen.storyboard in Resources */ = {isa = PBXBuildFile; fileRef = F1EA290627EA496300587CC1 /* LaunchScreen.storyboard */; };
		F1EA291327EA496400587CC1 /* GitHubb_DemoTests.swift in Sources */ = {isa = PBXBuildFile; fileRef = F1EA291227EA496400587CC1 /* GitHubb_DemoTests.swift */; };
		F1EA291D27EA496400587CC1 /* GitHubb_DemoUITests.swift in Sources */ = {isa = PBXBuildFile; fileRef = F1EA291C27EA496400587CC1 /* GitHubb_DemoUITests.swift */; };
		F1EA291F27EA496400587CC1 /* GitHubb_DemoUITestsLaunchTests.swift in Sources */ = {isa = PBXBuildFile; fileRef = F1EA291E27EA496400587CC1 /* GitHubb_DemoUITestsLaunchTests.swift */; };
/* End PBXBuildFile section */

/* Begin PBXContainerItemProxy section */
		F1EA290F27EA496400587CC1 /* PBXContainerItemProxy */ = {
			isa = PBXContainerItemProxy;
			containerPortal = F1EA28F027EA496100587CC1 /* Project object */;
			proxyType = 1;
			remoteGlobalIDString = F1EA28F727EA496100587CC1;
			remoteInfo = "GitHubb Demo";
		};
		F1EA291927EA496400587CC1 /* PBXContainerItemProxy */ = {
			isa = PBXContainerItemProxy;
			containerPortal = F1EA28F027EA496100587CC1 /* Project object */;
			proxyType = 1;
			remoteGlobalIDString = F1EA28F727EA496100587CC1;
			remoteInfo = "GitHubb Demo";
		};
/* End PBXContainerItemProxy section */

/* Begin PBXFileReference section */
		F1EA28F827EA496100587CC1 /* GitHubb Demo.app */ = {isa = PBXFileReference; explicitFileType = wrapper.application; includeInIndex = 0; path = "GitHubb Demo.app"; sourceTree = BUILT_PRODUCTS_DIR; };
		F1EA28FB27EA496100587CC1 /* AppDelegate.swift */ = {isa = PBXFileReference; lastKnownFileType = sourcecode.swift; path = AppDelegate.swift; sourceTree = "<group>"; };
		F1EA28FD27EA496100587CC1 /* SceneDelegate.swift */ = {isa = PBXFileReference; lastKnownFileType = sourcecode.swift; path = SceneDelegate.swift; sourceTree = "<group>"; };
		F1EA28FF27EA496100587CC1 /* ViewController.swift */ = {isa = PBXFileReference; lastKnownFileType = sourcecode.swift; path = ViewController.swift; sourceTree = "<group>"; };
		F1EA290227EA496100587CC1 /* Base */ = {isa = PBXFileReference; lastKnownFileType = file.storyboard; name = Base; path = Base.lproj/Main.storyboard; sourceTree = "<group>"; };
		F1EA290427EA496300587CC1 /* Assets.xcassets */ = {isa = PBXFileReference; lastKnownFileType = folder.assetcatalog; path = Assets.xcassets; sourceTree = "<group>"; };
		F1EA290727EA496300587CC1 /* Base */ = {isa = PBXFileReference; lastKnownFileType = file.storyboard; name = Base; path = Base.lproj/LaunchScreen.storyboard; sourceTree = "<group>"; };
		F1EA290927EA496300587CC1 /* Info.plist */ = {isa = PBXFileReference; lastKnownFileType = text.plist.xml; path = Info.plist; sourceTree = "<group>"; };
		F1EA290E27EA496400587CC1 /* GitHubb DemoTests.xctest */ = {isa = PBXFileReference; explicitFileType = wrapper.cfbundle; includeInIndex = 0; path = "GitHubb DemoTests.xctest"; sourceTree = BUILT_PRODUCTS_DIR; };
		F1EA291227EA496400587CC1 /* GitHubb_DemoTests.swift */ = {isa = PBXFileReference; lastKnownFileType = sourcecode.swift; path = GitHubb_DemoTests.swift; sourceTree = "<group>"; };
		F1EA291827EA496400587CC1 /* GitHubb DemoUITests.xctest */ = {isa = PBXFileReference; explicitFileType = wrapper.cfbundle; includeInIndex = 0; path = "GitHubb DemoUITests.xctest"; sourceTree = BUILT_PRODUCTS_DIR; };
		F1EA291C27EA496400587CC1 /* GitHubb_DemoUITests.swift */ = {isa = PBXFileReference; lastKnownFileType = sourcecode.swift; path = GitHubb_DemoUITests.swift; sourceTree = "<group>"; };
		F1EA291E27EA496400587CC1 /* GitHubb_DemoUITestsLaunchTests.swift */ = {isa = PBXFileReference; lastKnownFileType = sourcecode.swift; path = GitHubb_DemoUITestsLaunchTests.swift; sourceTree = "<group>"; };
/* End PBXFileReference section */

/* Begin PBXFrameworksBuildPhase section */
		F1EA28F527EA496100587CC1 /* Frameworks */ = {
			isa = PBXFrameworksBuildPhase;
			buildActionMask = 2147483647;
			files = (
			);
			runOnlyForDeploymentPostprocessing = 0;
		};
		F1EA290B27EA496400587CC1 /* Frameworks */ = {
			isa = PBXFrameworksBuildPhase;
			buildActionMask = 2147483647;
			files = (
			);
			runOnlyForDeploymentPostprocessing = 0;
		};
		F1EA291527EA496400587CC1 /* Frameworks */ = {
			isa = PBXFrameworksBuildPhase;
			buildActionMask = 2147483647;
			files = (
			);
			runOnlyForDeploymentPostprocessing = 0;
		};
/* End PBXFrameworksBuildPhase section */

/* Begin PBXGroup section */
		F1EA28EF27EA496100587CC1 = {
			isa = PBXGroup;
			children = (
				F1EA28FA27EA496100587CC1 /* GitHubb Demo */,
				F1EA291127EA496400587CC1 /* GitHubb DemoTests */,
				F1EA291B27EA496400587CC1 /* GitHubb DemoUITests */,
				F1EA28F927EA496100587CC1 /* Products */,
			);
			sourceTree = "<group>";
		};
		F1EA28F927EA496100587CC1 /* Products */ = {
			isa = PBXGroup;
			children = (
				F1EA28F827EA496100587CC1 /* GitHubb Demo.app */,
				F1EA290E27EA496400587CC1 /* GitHubb DemoTests.xctest */,
				F1EA291827EA496400587CC1 /* GitHubb DemoUITests.xctest */,
			);
			name = Products;
			sourceTree = "<group>";
		};
		F1EA28FA27EA496100587CC1 /* GitHubb Demo */ = {
			isa = PBXGroup;
			children = (
				F1EA28FB27EA496100587CC1 /* AppDelegate.swift */,
				F1EA28FD27EA496100587CC1 /* SceneDelegate.swift */,
				F1EA28FF27EA496100587CC1 /* ViewController.swift */,
				F1EA290127EA496100587CC1 /* Main.storyboard */,
				F1EA290427EA496300587CC1 /* Assets.xcassets */,
				F1EA290627EA496300587CC1 /* LaunchScreen.storyboard */,
				F1EA290927EA496300587CC1 /* Info.plist */,
			);
			path = "GitHubb Demo";
			sourceTree = "<group>";
		};
		F1EA291127EA496400587CC1 /* GitHubb DemoTests */ = {
			isa = PBXGroup;
			children = (
				F1EA291227EA496400587CC1 /* GitHubb_DemoTests.swift */,
			);
			path = "GitHubb DemoTests";
			sourceTree = "<group>";
		};
		F1EA291B27EA496400587CC1 /* GitHubb DemoUITests */ = {
			isa = PBXGroup;
			children = (
				F1EA291C27EA496400587CC1 /* GitHubb_DemoUITests.swift */,
				F1EA291E27EA496400587CC1 /* GitHubb_DemoUITestsLaunchTests.swift */,
			);
			path = "GitHubb DemoUITests";
			sourceTree = "<group>";
		};
/* End PBXGroup section */

/* Begin PBXNativeTarget section */
		F1EA28F727EA496100587CC1 /* GitHubb Demo */ = {
			isa = PBXNativeTarget;
			buildConfigurationList = F1EA292227EA496400587CC1 /* Build configuration list for PBXNativeTarget "GitHubb Demo" */;
			buildPhases = (
				F1EA28F427EA496100587CC1 /* Sources */,
				F1EA28F527EA496100587CC1 /* Frameworks */,
				F1EA28F627EA496100587CC1 /* Resources */,
			);
			buildRules = (
			);
			dependencies = (
			);
			name = "GitHubb Demo";
			productName = "GitHubb Demo";
			productReference = F1EA28F827EA496100587CC1 /* GitHubb Demo.app */;
			productType = "com.apple.product-type.application";
		};
		F1EA290D27EA496400587CC1 /* GitHubb DemoTests */ = {
			isa = PBXNativeTarget;
			buildConfigurationList = F1EA292527EA496400587CC1 /* Build configuration list for PBXNativeTarget "GitHubb DemoTests" */;
			buildPhases = (
				F1EA290A27EA496400587CC1 /* Sources */,
				F1EA290B27EA496400587CC1 /* Frameworks */,
				F1EA290C27EA496400587CC1 /* Resources */,
			);
			buildRules = (
			);
			dependencies = (
				F1EA291027EA496400587CC1 /* PBXTargetDependency */,
			);
			name = "GitHubb DemoTests";
			productName = "GitHubb DemoTests";
			productReference = F1EA290E27EA496400587CC1 /* GitHubb DemoTests.xctest */;
			productType = "com.apple.product-type.bundle.unit-test";
		};
		F1EA291727EA496400587CC1 /* GitHubb DemoUITests */ = {
			isa = PBXNativeTarget;
			buildConfigurationList = F1EA292827EA496400587CC1 /* Build configuration list for PBXNativeTarget "GitHubb DemoUITests" */;
			buildPhases = (
				F1EA291427EA496400587CC1 /* Sources */,
				F1EA291527EA496400587CC1 /* Frameworks */,
				F1EA291627EA496400587CC1 /* Resources */,
			);
			buildRules = (
			);
			dependencies = (
				F1EA291A27EA496400587CC1 /* PBXTargetDependency */,
			);
			name = "GitHubb DemoUITests";
			productName = "GitHubb DemoUITests";
			productReference = F1EA291827EA496400587CC1 /* GitHubb DemoUITests.xctest */;
			productType = "com.apple.product-type.bundle.ui-testing";
		};
/* End PBXNativeTarget section */

/* Begin PBXProject section */
		F1EA28F027EA496100587CC1 /* Project object */ = {
			isa = PBXProject;
			attributes = {
				BuildIndependentTargetsInParallel = 1;
				LastSwiftUpdateCheck = 1320;
				LastUpgradeCheck = 1320;
				TargetAttributes = {
					F1EA28F727EA496100587CC1 = {
						CreatedOnToolsVersion = 13.2.1;
					};
					F1EA290D27EA496400587CC1 = {
						CreatedOnToolsVersion = 13.2.1;
						TestTargetID = F1EA28F727EA496100587CC1;
					};
					F1EA291727EA496400587CC1 = {
						CreatedOnToolsVersion = 13.2.1;
						TestTargetID = F1EA28F727EA496100587CC1;
					};
				};
			};
			buildConfigurationList = F1EA28F327EA496100587CC1 /* Build configuration list for PBXProject "GitHubb Demo" */;
			compatibilityVersion = "Xcode 13.0";
			developmentRegion = en;
			hasScannedForEncodings = 0;
			knownRegions = (
				en,
				Base,
			);
			mainGroup = F1EA28EF27EA496100587CC1;
			productRefGroup = F1EA28F927EA496100587CC1 /* Products */;
			projectDirPath = "";
			projectRoot = "";
			targets = (
				F1EA28F727EA496100587CC1 /* GitHubb Demo */,
				F1EA290D27EA496400587CC1 /* GitHubb DemoTests */,
				F1EA291727EA496400587CC1 /* GitHubb DemoUITests */,
			);
		};
/* End PBXProject section */

/* Begin PBXResourcesBuildPhase section */
		F1EA28F627EA496100587CC1 /* Resources */ = {
			isa = PBXResourcesBuildPhase;
			buildActionMask = 2147483647;
			files = (
				F1EA290827EA496300587CC1 /* LaunchScreen.storyboard in Resources */,
				F1EA290527EA496300587CC1 /* Assets.xcassets in Resources */,
				F1EA290327EA496100587CC1 /* Main.storyboard in Resources */,
			);
			runOnlyForDeploymentPostprocessing = 0;
		};
		F1EA290C27EA496400587CC1 /* Resources */ = {
			isa = PBXResourcesBuildPhase;
			buildActionMask = 2147483647;
			files = (
			);
			runOnlyForDeploymentPostprocessing = 0;
		};
		F1EA291627EA496400587CC1 /* Resources */ = {
			isa = PBXResourcesBuildPhase;
			buildActionMask = 2147483647;
			files = (
			);
			runOnlyForDeploymentPostprocessing = 0;
		};
/* End PBXResourcesBuildPhase section */

/* Begin PBXSourcesBuildPhase section */
		F1EA28F427EA496100587CC1 /* Sources */ = {
			isa = PBXSourcesBuildPhase;
			buildActionMask = 2147483647;
			files = (
				F1EA290027EA496100587CC1 /* ViewController.swift in Sources */,
				F1EA28FC27EA496100587CC1 /* AppDelegate.swift in Sources */,
				F1EA28FE27EA496100587CC1 /* SceneDelegate.swift in Sources */,
			);
			runOnlyForDeploymentPostprocessing = 0;
		};
		F1EA290A27EA496400587CC1 /* Sources */ = {
			isa = PBXSourcesBuildPhase;
			buildActionMask = 2147483647;
			files = (
				F1EA291327EA496400587CC1 /* GitHubb_DemoTests.swift in Sources */,
			);
			runOnlyForDeploymentPostprocessing = 0;
		};
		F1EA291427EA496400587CC1 /* Sources */ = {
			isa = PBXSourcesBuildPhase;
			buildActionMask = 2147483647;
			files = (
				F1EA291D27EA496400587CC1 /* GitHubb_DemoUITests.swift in Sources */,
				F1EA291F27EA496400587CC1 /* GitHubb_DemoUITestsLaunchTests.swift in Sources */,
			);
			runOnlyForDeploymentPostprocessing = 0;
		};
/* End PBXSourcesBuildPhase section */

/* Begin PBXTargetDependency section */
		F1EA291027EA496400587CC1 /* PBXTargetDependency */ = {
			isa = PBXTargetDependency;
			target = F1EA28F727EA496100587CC1 /* GitHubb Demo */;
			targetProxy = F1EA290F27EA496400587CC1 /* PBXContainerItemProxy */;
		};
		F1EA291A27EA496400587CC1 /* PBXTargetDependency */ = {
			isa = PBXTargetDependency;
			target = F1EA28F727EA496100587CC1 /* GitHubb Demo */;
			targetProxy = F1EA291927EA496400587CC1 /* PBXContainerItemProxy */;
		};
/* End PBXTargetDependency section */

/* Begin PBXVariantGroup section */
		F1EA290127EA496100587CC1 /* Main.storyboard */ = {
			isa = PBXVariantGroup;
			children = (
				F1EA290227EA496100587CC1 /* Base */,
			);
			name = Main.storyboard;
			sourceTree = "<group>";
		};
		F1EA290627EA496300587CC1 /* LaunchScreen.storyboard */ = {
			isa = PBXVariantGroup;
			children = (
				F1EA290727EA496300587CC1 /* Base */,
			);
			name = LaunchScreen.storyboard;
			sourceTree = "<group>";
		};
/* End PBXVariantGroup section */

/* Begin XCBuildConfiguration section */
		F1EA292027EA496400587CC1 /* Debug */ = {
			isa = XCBuildConfiguration;
			buildSettings = {
				ALWAYS_SEARCH_USER_PATHS = NO;
				CLANG_ANALYZER_NONNULL = YES;
				CLANG_ANALYZER_NUMBER_OBJECT_CONVERSION = YES_AGGRESSIVE;
				CLANG_CXX_LANGUAGE_STANDARD = "gnu++17";
				CLANG_CXX_LIBRARY = "libc++";
				CLANG_ENABLE_MODULES = YES;
				CLANG_ENABLE_OBJC_ARC = YES;
				CLANG_ENABLE_OBJC_WEAK = YES;
				CLANG_WARN_BLOCK_CAPTURE_AUTORELEASING = YES;
				CLANG_WARN_BOOL_CONVERSION = YES;
				CLANG_WARN_COMMA = YES;
				CLANG_WARN_CONSTANT_CONVERSION = YES;
				CLANG_WARN_DEPRECATED_OBJC_IMPLEMENTATIONS = YES;
				CLANG_WARN_DIRECT_OBJC_ISA_USAGE = YES_ERROR;
				CLANG_WARN_DOCUMENTATION_COMMENTS = YES;
				CLANG_WARN_EMPTY_BODY = YES;
				CLANG_WARN_ENUM_CONVERSION = YES;
				CLANG_WARN_INFINITE_RECURSION = YES;
				CLANG_WARN_INT_CONVERSION = YES;
				CLANG_WARN_NON_LITERAL_NULL_CONVERSION = YES;
				CLANG_WARN_OBJC_IMPLICIT_RETAIN_SELF = YES;
				CLANG_WARN_OBJC_LITERAL_CONVERSION = YES;
				CLANG_WARN_OBJC_ROOT_CLASS = YES_ERROR;
				CLANG_WARN_QUOTED_INCLUDE_IN_FRAMEWORK_HEADER = YES;
				CLANG_WARN_RANGE_LOOP_ANALYSIS = YES;
				CLANG_WARN_STRICT_PROTOTYPES = YES;
				CLANG_WARN_SUSPICIOUS_MOVE = YES;
				CLANG_WARN_UNGUARDED_AVAILABILITY = YES_AGGRESSIVE;
				CLANG_WARN_UNREACHABLE_CODE = YES;
				CLANG_WARN__DUPLICATE_METHOD_MATCH = YES;
				COPY_PHASE_STRIP = NO;
				DEBUG_INFORMATION_FORMAT = dwarf;
				ENABLE_STRICT_OBJC_MSGSEND = YES;
				ENABLE_TESTABILITY = YES;
				GCC_C_LANGUAGE_STANDARD = gnu11;
				GCC_DYNAMIC_NO_PIC = NO;
				GCC_NO_COMMON_BLOCKS = YES;
				GCC_OPTIMIZATION_LEVEL = 0;
				GCC_PREPROCESSOR_DEFINITIONS = (
					"DEBUG=1",
					"$(inherited)",
				);
				GCC_WARN_64_TO_32_BIT_CONVERSION = YES;
				GCC_WARN_ABOUT_RETURN_TYPE = YES_ERROR;
				GCC_WARN_UNDECLARED_SELECTOR = YES;
				GCC_WARN_UNINITIALIZED_AUTOS = YES_AGGRESSIVE;
				GCC_WARN_UNUSED_FUNCTION = YES;
				GCC_WARN_UNUSED_VARIABLE = YES;
				IPHONEOS_DEPLOYMENT_TARGET = 15.2;
				MTL_ENABLE_DEBUG_INFO = INCLUDE_SOURCE;
				MTL_FAST_MATH = YES;
				ONLY_ACTIVE_ARCH = YES;
				SDKROOT = iphoneos;
				SWIFT_ACTIVE_COMPILATION_CONDITIONS = DEBUG;
				SWIFT_OPTIMIZATION_LEVEL = "-Onone";
			};
			name = Debug;
		};
		F1EA292127EA496400587CC1 /* Release */ = {
			isa = XCBuildConfiguration;
			buildSettings = {
				ALWAYS_SEARCH_USER_PATHS = NO;
				CLANG_ANALYZER_NONNULL = YES;
				CLANG_ANALYZER_NUMBER_OBJECT_CONVERSION = YES_AGGRESSIVE;
				CLANG_CXX_LANGUAGE_STANDARD = "gnu++17";
				CLANG_CXX_LIBRARY = "libc++";
				CLANG_ENABLE_MODULES = YES;
				CLANG_ENABLE_OBJC_ARC = YES;
				CLANG_ENABLE_OBJC_WEAK = YES;
				CLANG_WARN_BLOCK_CAPTURE_AUTORELEASING = YES;
				CLANG_WARN_BOOL_CONVERSION = YES;
				CLANG_WARN_COMMA = YES;
				CLANG_WARN_CONSTANT_CONVERSION = YES;
				CLANG_WARN_DEPRECATED_OBJC_IMPLEMENTATIONS = YES;
				CLANG_WARN_DIRECT_OBJC_ISA_USAGE = YES_ERROR;
				CLANG_WARN_DOCUMENTATION_COMMENTS = YES;
				CLANG_WARN_EMPTY_BODY = YES;
				CLANG_WARN_ENUM_CONVERSION = YES;
				CLANG_WARN_INFINITE_RECURSION = YES;
				CLANG_WARN_INT_CONVERSION = YES;
				CLANG_WARN_NON_LITERAL_NULL_CONVERSION = YES;
				CLANG_WARN_OBJC_IMPLICIT_RETAIN_SELF = YES;
				CLANG_WARN_OBJC_LITERAL_CONVERSION = YES;
				CLANG_WARN_OBJC_ROOT_CLASS = YES_ERROR;
				CLANG_WARN_QUOTED_INCLUDE_IN_FRAMEWORK_HEADER = YES;
				CLANG_WARN_RANGE_LOOP_ANALYSIS = YES;
				CLANG_WARN_STRICT_PROTOTYPES = YES;
				CLANG_WARN_SUSPICIOUS_MOVE = YES;
				CLANG_WARN_UNGUARDED_AVAILABILITY = YES_AGGRESSIVE;
				CLANG_WARN_UNREACHABLE_CODE = YES;
				CLANG_WARN__DUPLICATE_METHOD_MATCH = YES;
				COPY_PHASE_STRIP = NO;
				DEBUG_INFORMATION_FORMAT = "dwarf-with-dsym";
				ENABLE_NS_ASSERTIONS = NO;
				ENABLE_STRICT_OBJC_MSGSEND = YES;
				GCC_C_LANGUAGE_STANDARD = gnu11;
				GCC_NO_COMMON_BLOCKS = YES;
				GCC_WARN_64_TO_32_BIT_CONVERSION = YES;
				GCC_WARN_ABOUT_RETURN_TYPE = YES_ERROR;
				GCC_WARN_UNDECLARED_SELECTOR = YES;
				GCC_WARN_UNINITIALIZED_AUTOS = YES_AGGRESSIVE;
				GCC_WARN_UNUSED_FUNCTION = YES;
				GCC_WARN_UNUSED_VARIABLE = YES;
				IPHONEOS_DEPLOYMENT_TARGET = 15.2;
				MTL_ENABLE_DEBUG_INFO = NO;
				MTL_FAST_MATH = YES;
				SDKROOT = iphoneos;
				SWIFT_COMPILATION_MODE = wholemodule;
				SWIFT_OPTIMIZATION_LEVEL = "-O";
				VALIDATE_PRODUCT = YES;
			};
			name = Release;
		};
		F1EA292327EA496400587CC1 /* Debug */ = {
			isa = XCBuildConfiguration;
			buildSettings = {
				ASSETCATALOG_COMPILER_APPICON_NAME = AppIcon;
				ASSETCATALOG_COMPILER_GLOBAL_ACCENT_COLOR_NAME = AccentColor;
				CODE_SIGN_STYLE = Automatic;
				CURRENT_PROJECT_VERSION = 1;
				GENERATE_INFOPLIST_FILE = YES;
				INFOPLIST_FILE = "GitHubb Demo/Info.plist";
				INFOPLIST_KEY_UIApplicationSupportsIndirectInputEvents = YES;
				INFOPLIST_KEY_UILaunchStoryboardName = LaunchScreen;
				INFOPLIST_KEY_UIMainStoryboardFile = Main;
				INFOPLIST_KEY_UISupportedInterfaceOrientations_iPad = "UIInterfaceOrientationPortrait UIInterfaceOrientationPortraitUpsideDown UIInterfaceOrientationLandscapeLeft UIInterfaceOrientationLandscapeRight";
				INFOPLIST_KEY_UISupportedInterfaceOrientations_iPhone = "UIInterfaceOrientationPortrait UIInterfaceOrientationLandscapeLeft UIInterfaceOrientationLandscapeRight";
				LD_RUNPATH_SEARCH_PATHS = (
					"$(inherited)",
					"@executable_path/Frameworks",
				);
				MARKETING_VERSION = 1.0;
				PRODUCT_BUNDLE_IDENTIFIER = "aidan.osowski-shp.org.GitHubb-Demo";
				PRODUCT_NAME = "$(TARGET_NAME)";
				SWIFT_EMIT_LOC_STRINGS = YES;
				SWIFT_VERSION = 5.0;
				TARGETED_DEVICE_FAMILY = "1,2";
			};
			name = Debug;
		};
		F1EA292427EA496400587CC1 /* Release */ = {
			isa = XCBuildConfiguration;
			buildSettings = {
				ASSETCATALOG_COMPILER_APPICON_NAME = AppIcon;
				ASSETCATALOG_COMPILER_GLOBAL_ACCENT_COLOR_NAME = AccentColor;
				CODE_SIGN_STYLE = Automatic;
				CURRENT_PROJECT_VERSION = 1;
				GENERATE_INFOPLIST_FILE = YES;
				INFOPLIST_FILE = "GitHubb Demo/Info.plist";
				INFOPLIST_KEY_UIApplicationSupportsIndirectInputEvents = YES;
				INFOPLIST_KEY_UILaunchStoryboardName = LaunchScreen;
				INFOPLIST_KEY_UIMainStoryboardFile = Main;
				INFOPLIST_KEY_UISupportedInterfaceOrientations_iPad = "UIInterfaceOrientationPortrait UIInterfaceOrientationPortraitUpsideDown UIInterfaceOrientationLandscapeLeft UIInterfaceOrientationLandscapeRight";
				INFOPLIST_KEY_UISupportedInterfaceOrientations_iPhone = "UIInterfaceOrientationPortrait UIInterfaceOrientationLandscapeLeft UIInterfaceOrientationLandscapeRight";
				LD_RUNPATH_SEARCH_PATHS = (
					"$(inherited)",
					"@executable_path/Frameworks",
				);
				MARKETING_VERSION = 1.0;
				PRODUCT_BUNDLE_IDENTIFIER = "aidan.osowski-shp.org.GitHubb-Demo";
				PRODUCT_NAME = "$(TARGET_NAME)";
				SWIFT_EMIT_LOC_STRINGS = YES;
				SWIFT_VERSION = 5.0;
				TARGETED_DEVICE_FAMILY = "1,2";
			};
			name = Release;
		};
		F1EA292627EA496400587CC1 /* Debug */ = {
			isa = XCBuildConfiguration;
			buildSettings = {
				ALWAYS_EMBED_SWIFT_STANDARD_LIBRARIES = YES;
				BUNDLE_LOADER = "$(TEST_HOST)";
				CODE_SIGN_STYLE = Automatic;
				CURRENT_PROJECT_VERSION = 1;
				GENERATE_INFOPLIST_FILE = YES;
				IPHONEOS_DEPLOYMENT_TARGET = 15.2;
				MARKETING_VERSION = 1.0;
				PRODUCT_BUNDLE_IDENTIFIER = "aidan.osowski-shp.org.GitHubb-DemoTests";
				PRODUCT_NAME = "$(TARGET_NAME)";
				SWIFT_EMIT_LOC_STRINGS = NO;
				SWIFT_VERSION = 5.0;
				TARGETED_DEVICE_FAMILY = "1,2";
				TEST_HOST = "$(BUILT_PRODUCTS_DIR)/GitHubb Demo.app/GitHubb Demo";
			};
			name = Debug;
		};
		F1EA292727EA496400587CC1 /* Release */ = {
			isa = XCBuildConfiguration;
			buildSettings = {
				ALWAYS_EMBED_SWIFT_STANDARD_LIBRARIES = YES;
				BUNDLE_LOADER = "$(TEST_HOST)";
				CODE_SIGN_STYLE = Automatic;
				CURRENT_PROJECT_VERSION = 1;
				GENERATE_INFOPLIST_FILE = YES;
				IPHONEOS_DEPLOYMENT_TARGET = 15.2;
				MARKETING_VERSION = 1.0;
				PRODUCT_BUNDLE_IDENTIFIER = "aidan.osowski-shp.org.GitHubb-DemoTests";
				PRODUCT_NAME = "$(TARGET_NAME)";
				SWIFT_EMIT_LOC_STRINGS = NO;
				SWIFT_VERSION = 5.0;
				TARGETED_DEVICE_FAMILY = "1,2";
				TEST_HOST = "$(BUILT_PRODUCTS_DIR)/GitHubb Demo.app/GitHubb Demo";
			};
			name = Release;
		};
		F1EA292927EA496400587CC1 /* Debug */ = {
			isa = XCBuildConfiguration;
			buildSettings = {
				ALWAYS_EMBED_SWIFT_STANDARD_LIBRARIES = YES;
				CODE_SIGN_STYLE = Automatic;
				CURRENT_PROJECT_VERSION = 1;
				GENERATE_INFOPLIST_FILE = YES;
				MARKETING_VERSION = 1.0;
				PRODUCT_BUNDLE_IDENTIFIER = "aidan.osowski-shp.org.GitHubb-DemoUITests";
				PRODUCT_NAME = "$(TARGET_NAME)";
				SWIFT_EMIT_LOC_STRINGS = NO;
				SWIFT_VERSION = 5.0;
				TARGETED_DEVICE_FAMILY = "1,2";
				TEST_TARGET_NAME = "GitHubb Demo";
			};
			name = Debug;
		};
		F1EA292A27EA496400587CC1 /* Release */ = {
			isa = XCBuildConfiguration;
			buildSettings = {
				ALWAYS_EMBED_SWIFT_STANDARD_LIBRARIES = YES;
				CODE_SIGN_STYLE = Automatic;
				CURRENT_PROJECT_VERSION = 1;
				GENERATE_INFOPLIST_FILE = YES;
				MARKETING_VERSION = 1.0;
				PRODUCT_BUNDLE_IDENTIFIER = "aidan.osowski-shp.org.GitHubb-DemoUITests";
				PRODUCT_NAME = "$(TARGET_NAME)";
				SWIFT_EMIT_LOC_STRINGS = NO;
				SWIFT_VERSION = 5.0;
				TARGETED_DEVICE_FAMILY = "1,2";
				TEST_TARGET_NAME = "GitHubb Demo";
			};
			name = Release;
		};
/* End XCBuildConfiguration section */

/* Begin XCConfigurationList section */
		F1EA28F327EA496100587CC1 /* Build configuration list for PBXProject "GitHubb Demo" */ = {
			isa = XCConfigurationList;
			buildConfigurations = (
				F1EA292027EA496400587CC1 /* Debug */,
				F1EA292127EA496400587CC1 /* Release */,
			);
			defaultConfigurationIsVisible = 0;
			defaultConfigurationName = Release;
		};
		F1EA292227EA496400587CC1 /* Build configuration list for PBXNativeTarget "GitHubb Demo" */ = {
			isa = XCConfigurationList;
			buildConfigurations = (
				F1EA292327EA496400587CC1 /* Debug */,
				F1EA292427EA496400587CC1 /* Release */,
			);
			defaultConfigurationIsVisible = 0;
			defaultConfigurationName = Release;
		};
		F1EA292527EA496400587CC1 /* Build configuration list for PBXNativeTarget "GitHubb DemoTests" */ = {
			isa = XCConfigurationList;
			buildConfigurations = (
				F1EA292627EA496400587CC1 /* Debug */,
				F1EA292727EA496400587CC1 /* Release */,
			);
			defaultConfigurationIsVisible = 0;
			defaultConfigurationName = Release;
		};
		F1EA292827EA496400587CC1 /* Build configuration list for PBXNativeTarget "GitHubb DemoUITests" */ = {
			isa = XCConfigurationList;
			buildConfigurations = (
				F1EA292927EA496400587CC1 /* Debug */,
				F1EA292A27EA496400587CC1 /* Release */,
			);
			defaultConfigurationIsVisible = 0;
			defaultConfigurationName = Release;
		};
/* End XCConfigurationList section */
	};
	rootObject = F1EA28F027EA496100587CC1 /* Project object */;
}
